// !$*UTF8*$!
{
	archiveVersion = 1;
	classes = {
	};
	objectVersion = 46;
	objects = {

/* Begin PBXBuildFile section */
		213CCD981A5FA40000A0FE21 /* main.m in Sources */ = {isa = PBXBuildFile; fileRef = 213CCD971A5FA40000A0FE21 /* main.m */; };
		213CCD9B1A5FA40000A0FE21 /* AppDelegate.m in Sources */ = {isa = PBXBuildFile; fileRef = 213CCD9A1A5FA40000A0FE21 /* AppDelegate.m */; };
		213CCD9E1A5FA40000A0FE21 /* ViewController.m in Sources */ = {isa = PBXBuildFile; fileRef = 213CCD9D1A5FA40000A0FE21 /* ViewController.m */; };
		213CCDA11A5FA40100A0FE21 /* Main.storyboard in Resources */ = {isa = PBXBuildFile; fileRef = 213CCD9F1A5FA40100A0FE21 /* Main.storyboard */; };
		213CCDA31A5FA40100A0FE21 /* Images.xcassets in Resources */ = {isa = PBXBuildFile; fileRef = 213CCDA21A5FA40100A0FE21 /* Images.xcassets */; };
		213CCDA61A5FA40100A0FE21 /* LaunchScreen.xib in Resources */ = {isa = PBXBuildFile; fileRef = 213CCDA41A5FA40100A0FE21 /* LaunchScreen.xib */; };
		213CCDB21A5FA40100A0FE21 /* switchTests.m in Sources */ = {isa = PBXBuildFile; fileRef = 213CCDB11A5FA40100A0FE21 /* switchTests.m */; };
/* End PBXBuildFile section */

/* Begin PBXContainerItemProxy section */
		213CCDAC1A5FA40100A0FE21 /* PBXContainerItemProxy */ = {
			isa = PBXContainerItemProxy;
			containerPortal = 213CCD8A1A5FA40000A0FE21 /* Project object */;
			proxyType = 1;
			remoteGlobalIDString = 213CCD911A5FA40000A0FE21;
			remoteInfo = switch;
		};
/* End PBXContainerItemProxy section */

/* Begin PBXFileReference section */
		213CCD921A5FA40000A0FE21 /* switch.app */ = {isa = PBXFileReference; explicitFileType = wrapper.application; includeInIndex = 0; path = switch.app; sourceTree = BUILT_PRODUCTS_DIR; };
		213CCD961A5FA40000A0FE21 /* Info.plist */ = {isa = PBXFileReference; lastKnownFileType = text.plist.xml; path = Info.plist; sourceTree = "<group>"; };
		213CCD971A5FA40000A0FE21 /* main.m */ = {isa = PBXFileReference; lastKnownFileType = sourcecode.c.objc; path = main.m; sourceTree = "<group>"; };
		213CCD991A5FA40000A0FE21 /* AppDelegate.h */ = {isa = PBXFileReference; lastKnownFileType = sourcecode.c.h; path = AppDelegate.h; sourceTree = "<group>"; };
		213CCD9A1A5FA40000A0FE21 /* AppDelegate.m */ = {isa = PBXFileReference; lastKnownFileType = sourcecode.c.objc; path = AppDelegate.m; sourceTree = "<group>"; };
		213CCD9C1A5FA40000A0FE21 /* ViewController.h */ = {isa = PBXFileReference; lastKnownFileType = sourcecode.c.h; path = ViewController.h; sourceTree = "<group>"; };
		213CCD9D1A5FA40000A0FE21 /* ViewController.m */ = {isa = PBXFileReference; lastKnownFileType = sourcecode.c.objc; path = ViewController.m; sourceTree = "<group>"; };
		213CCDA01A5FA40100A0FE21 /* Base */ = {isa = PBXFileReference; lastKnownFileType = file.storyboard; name = Base; path = Base.lproj/Main.storyboard; sourceTree = "<group>"; };
		213CCDA21A5FA40100A0FE21 /* Images.xcassets */ = {isa = PBXFileReference; lastKnownFileType = folder.assetcatalog; path = Images.xcassets; sourceTree = "<group>"; };
		213CCDA51A5FA40100A0FE21 /* Base */ = {isa = PBXFileReference; lastKnownFileType = file.xib; name = Base; path = Base.lproj/LaunchScreen.xib; sourceTree = "<group>"; };
		213CCDAB1A5FA40100A0FE21 /* switchTests.xctest */ = {isa = PBXFileReference; explicitFileType = wrapper.cfbundle; includeInIndex = 0; path = switchTests.xctest; sourceTree = BUILT_PRODUCTS_DIR; };
		213CCDB01A5FA40100A0FE21 /* Info.plist */ = {isa = PBXFileReference; lastKnownFileType = text.plist.xml; path = Info.plist; sourceTree = "<group>"; };
		213CCDB11A5FA40100A0FE21 /* switchTests.m */ = {isa = PBXFileReference; lastKnownFileType = sourcecode.c.objc; path = switchTests.m; sourceTree = "<group>"; };
/* End PBXFileReference section */

/* Begin PBXFrameworksBuildPhase section */
		213CCD8F1A5FA40000A0FE21 /* Frameworks */ = {
			isa = PBXFrameworksBuildPhase;
			buildActionMask = 2147483647;
			files = (
			);
			runOnlyForDeploymentPostprocessing = 0;
		};
		213CCDA81A5FA40100A0FE21 /* Frameworks */ = {
			isa = PBXFrameworksBuildPhase;
			buildActionMask = 2147483647;
			files = (
			);
			runOnlyForDeploymentPostprocessing = 0;
		};
/* End PBXFrameworksBuildPhase section */

/* Begin PBXGroup section */
		213CCD891A5FA3FF00A0FE21 = {
			isa = PBXGroup;
			children = (
				213CCD941A5FA40000A0FE21 /* switch */,
				213CCDAE1A5FA40100A0FE21 /* switchTests */,
				213CCD931A5FA40000A0FE21 /* Products */,
			);
			sourceTree = "<group>";
		};
		213CCD931A5FA40000A0FE21 /* Products */ = {
			isa = PBXGroup;
			children = (
				213CCD921A5FA40000A0FE21 /* switch.app */,
				213CCDAB1A5FA40100A0FE21 /* switchTests.xctest */,
			);
			name = Products;
			sourceTree = "<group>";
		};
		213CCD941A5FA40000A0FE21 /* switch */ = {
			isa = PBXGroup;
			children = (
				213CCD991A5FA40000A0FE21 /* AppDelegate.h */,
				213CCD9A1A5FA40000A0FE21 /* AppDelegate.m */,
				213CCD9C1A5FA40000A0FE21 /* ViewController.h */,
				213CCD9D1A5FA40000A0FE21 /* ViewController.m */,
				213CCD9F1A5FA40100A0FE21 /* Main.storyboard */,
				213CCDA21A5FA40100A0FE21 /* Images.xcassets */,
				213CCDA41A5FA40100A0FE21 /* LaunchScreen.xib */,
				213CCD951A5FA40000A0FE21 /* Supporting Files */,
			);
			path = switch;
			sourceTree = "<group>";
		};
		213CCD951A5FA40000A0FE21 /* Supporting Files */ = {
			isa = PBXGroup;
			children = (
				213CCD961A5FA40000A0FE21 /* Info.plist */,
				213CCD971A5FA40000A0FE21 /* main.m */,
			);
			name = "Supporting Files";
			sourceTree = "<group>";
		};
		213CCDAE1A5FA40100A0FE21 /* switchTests */ = {
			isa = PBXGroup;
			children = (
				213CCDB11A5FA40100A0FE21 /* switchTests.m */,
				213CCDAF1A5FA40100A0FE21 /* Supporting Files */,
			);
			path = switchTests;
			sourceTree = "<group>";
		};
		213CCDAF1A5FA40100A0FE21 /* Supporting Files */ = {
			isa = PBXGroup;
			children = (
				213CCDB01A5FA40100A0FE21 /* Info.plist */,
			);
			name = "Supporting Files";
			sourceTree = "<group>";
		};
/* End PBXGroup section */

/* Begin PBXNativeTarget section */
		213CCD911A5FA40000A0FE21 /* switch */ = {
			isa = PBXNativeTarget;
			buildConfigurationList = 213CCDB51A5FA40100A0FE21 /* Build configuration list for PBXNativeTarget "switch" */;
			buildPhases = (
				213CCD8E1A5FA40000A0FE21 /* Sources */,
				213CCD8F1A5FA40000A0FE21 /* Frameworks */,
				213CCD901A5FA40000A0FE21 /* Resources */,
			);
			buildRules = (
			);
			dependencies = (
			);
			name = switch;
			productName = switch;
			productReference = 213CCD921A5FA40000A0FE21 /* switch.app */;
			productType = "com.apple.product-type.application";
		};
		213CCDAA1A5FA40100A0FE21 /* switchTests */ = {
			isa = PBXNativeTarget;
			buildConfigurationList = 213CCDB81A5FA40100A0FE21 /* Build configuration list for PBXNativeTarget "switchTests" */;
			buildPhases = (
				213CCDA71A5FA40100A0FE21 /* Sources */,
				213CCDA81A5FA40100A0FE21 /* Frameworks */,
				213CCDA91A5FA40100A0FE21 /* Resources */,
			);
			buildRules = (
			);
			dependencies = (
				213CCDAD1A5FA40100A0FE21 /* PBXTargetDependency */,
			);
			name = switchTests;
			productName = switchTests;
			productReference = 213CCDAB1A5FA40100A0FE21 /* switchTests.xctest */;
			productType = "com.apple.product-type.bundle.unit-test";
		};
/* End PBXNativeTarget section */

/* Begin PBXProject section */
		213CCD8A1A5FA40000A0FE21 /* Project object */ = {
			isa = PBXProject;
			attributes = {
				LastUpgradeCheck = 0610;
				ORGANIZATIONNAME = protek;
				TargetAttributes = {
					213CCD911A5FA40000A0FE21 = {
						CreatedOnToolsVersion = 6.1.1;
					};
					213CCDAA1A5FA40100A0FE21 = {
						CreatedOnToolsVersion = 6.1.1;
						TestTargetID = 213CCD911A5FA40000A0FE21;
					};
				};
			};
			buildConfigurationList = 213CCD8D1A5FA40000A0FE21 /* Build configuration list for PBXProject "switch" */;
			compatibilityVersion = "Xcode 3.2";
			developmentRegion = English;
			hasScannedForEncodings = 0;
			knownRegions = (
				en,
				Base,
			);
			mainGroup = 213CCD891A5FA3FF00A0FE21;
			productRefGroup = 213CCD931A5FA40000A0FE21 /* Products */;
			projectDirPath = "";
			projectRoot = "";
			targets = (
				213CCD911A5FA40000A0FE21 /* switch */,
				213CCDAA1A5FA40100A0FE21 /* switchTests */,
			);
		};
/* End PBXProject section */

/* Begin PBXResourcesBuildPhase section */
		213CCD901A5FA40000A0FE21 /* Resources */ = {
			isa = PBXResourcesBuildPhase;
			buildActionMask = 2147483647;
			files = (
				213CCDA11A5FA40100A0FE21 /* Main.storyboard in Resources */,
				213CCDA61A5FA40100A0FE21 /* LaunchScreen.xib in Resources */,
				213CCDA31A5FA40100A0FE21 /* Images.xcassets in Resources */,
			);
			runOnlyForDeploymentPostprocessing = 0;
		};
		213CCDA91A5FA40100A0FE21 /* Resources */ = {
			isa = PBXResourcesBuildPhase;
			buildActionMask = 2147483647;
			files = (
			);
			runOnlyForDeploymentPostprocessing = 0;
		};
/* End PBXResourcesBuildPhase section */

/* Begin PBXSourcesBuildPhase section */
		213CCD8E1A5FA40000A0FE21 /* Sources */ = {
			isa = PBXSourcesBuildPhase;
			buildActionMask = 2147483647;
			files = (
				213CCD9E1A5FA40000A0FE21 /* ViewController.m in Sources */,
				213CCD9B1A5FA40000A0FE21 /* AppDelegate.m in Sources */,
				213CCD981A5FA40000A0FE21 /* main.m in Sources */,
			);
			runOnlyForDeploymentPostprocessing = 0;
		};
		213CCDA71A5FA40100A0FE21 /* Sources */ = {
			isa = PBXSourcesBuildPhase;
			buildActionMask = 2147483647;
			files = (
				213CCDB21A5FA40100A0FE21 /* switchTests.m in Sources */,
			);
			runOnlyForDeploymentPostprocessing = 0;
		};
/* End PBXSourcesBuildPhase section */

/* Begin PBXTargetDependency section */
		213CCDAD1A5FA40100A0FE21 /* PBXTargetDependency */ = {
			isa = PBXTargetDependency;
			target = 213CCD911A5FA40000A0FE21 /* switch */;
			targetProxy = 213CCDAC1A5FA40100A0FE21 /* PBXContainerItemProxy */;
		};
/* End PBXTargetDependency section */

/* Begin PBXVariantGroup section */
		213CCD9F1A5FA40100A0FE21 /* Main.storyboard */ = {
			isa = PBXVariantGroup;
			children = (
				213CCDA01A5FA40100A0FE21 /* Base */,
			);
			name = Main.storyboard;
			sourceTree = "<group>";
		};
		213CCDA41A5FA40100A0FE21 /* LaunchScreen.xib */ = {
			isa = PBXVariantGroup;
			children = (
				213CCDA51A5FA40100A0FE21 /* Base */,
			);
			name = LaunchScreen.xib;
			sourceTree = "<group>";
		};
/* End PBXVariantGroup section */

/* Begin XCBuildConfiguration section */
		213CCDB31A5FA40100A0FE21 /* Debug */ = {
			isa = XCBuildConfiguration;
			buildSettings = {
				ALWAYS_SEARCH_USER_PATHS = NO;
				CLANG_CXX_LANGUAGE_STANDARD = "gnu++0x";
				CLANG_CXX_LIBRARY = "libc++";
				CLANG_ENABLE_MODULES = YES;
				CLANG_ENABLE_OBJC_ARC = YES;
				CLANG_WARN_BOOL_CONVERSION = YES;
				CLANG_WARN_CONSTANT_CONVERSION = YES;
				CLANG_WARN_DIRECT_OBJC_ISA_USAGE = YES_ERROR;
				CLANG_WARN_EMPTY_BODY = YES;
				CLANG_WARN_ENUM_CONVERSION = YES;
				CLANG_WARN_INT_CONVERSION = YES;
				CLANG_WARN_OBJC_ROOT_CLASS = YES_ERROR;
				CLANG_WARN_UNREACHABLE_CODE = YES;
				CLANG_WARN__DUPLICATE_METHOD_MATCH = YES;
				"CODE_SIGN_IDENTITY[sdk=iphoneos*]" = "iPhone Developer";
				COPY_PHASE_STRIP = NO;
				ENABLE_STRICT_OBJC_MSGSEND = YES;
				GCC_C_LANGUAGE_STANDARD = gnu99;
				GCC_DYNAMIC_NO_PIC = NO;
				GCC_OPTIMIZATION_LEVEL = 0;
				GCC_PREPROCESSOR_DEFINITIONS = (
					"DEBUG=1",
					"$(inherited)",
				);
				GCC_SYMBOLS_PRIVATE_EXTERN = NO;
				GCC_WARN_64_TO_32_BIT_CONVERSION = YES;
				GCC_WARN_ABOUT_RETURN_TYPE = YES_ERROR;
				GCC_WARN_UNDECLARED_SELECTOR = YES;
				GCC_WARN_UNINITIALIZED_AUTOS = YES_AGGRESSIVE;
				GCC_WARN_UNUSED_FUNCTION = YES;
				GCC_WARN_UNUSED_VARIABLE = YES;
				IPHONEOS_DEPLOYMENT_TARGET = 8.1;
				MTL_ENABLE_DEBUG_INFO = YES;
				ONLY_ACTIVE_ARCH = YES;
				SDKROOT = iphoneos;
			};
			name = Debug;
		};
		213CCDB41A5FA40100A0FE21 /* Release */ = {
			isa = XCBuildConfiguration;
			buildSettings = {
				ALWAYS_SEARCH_USER_PATHS = NO;
				CLANG_CXX_LANGUAGE_STANDARD = "gnu++0x";
				CLANG_CXX_LIBRARY = "libc++";
				CLANG_ENABLE_MODULES = YES;
				CLANG_ENABLE_OBJC_ARC = YES;
				CLANG_WARN_BOOL_CONVERSION = YES;
				CLANG_WARN_CONSTANT_CONVERSION = YES;
				CLANG_WARN_DIRECT_OBJC_ISA_USAGE = YES_ERROR;
				CLANG_WARN_EMPTY_BODY = YES;
				CLANG_WARN_ENUM_CONVERSION = YES;
				CLANG_WARN_INT_CONVERSION = YES;
				CLANG_WARN_OBJC_ROOT_CLASS = YES_ERROR;
				CLANG_WARN_UNREACHABLE_CODE = YES;
				CLANG_WARN__DUPLICATE_METHOD_MATCH = YES;
				"CODE_SIGN_IDENTITY[sdk=iphoneos*]" = "iPhone Developer";
				COPY_PHASE_STRIP = YES;
				ENABLE_NS_ASSERTIONS = NO;
				ENABLE_STRICT_OBJC_MSGSEND = YES;
				GCC_C_LANGUAGE_STANDARD = gnu99;
				GCC_WARN_64_TO_32_BIT_CONVERSION = YES;
				GCC_WARN_ABOUT_RETURN_TYPE = YES_ERROR;
				GCC_WARN_UNDECLARED_SELECTOR = YES;
				GCC_WARN_UNINITIALIZED_AUTOS = YES_AGGRESSIVE;
				GCC_WARN_UNUSED_FUNCTION = YES;
				GCC_WARN_UNUSED_VARIABLE = YES;
				IPHONEOS_DEPLOYMENT_TARGET = 8.1;
				MTL_ENABLE_DEBUG_INFO = NO;
				SDKROOT = iphoneos;
				VALIDATE_PRODUCT = YES;
			};
			name = Release;
		};
		213CCDB61A5FA40100A0FE21 /* Debug */ = {
			isa = XCBuildConfiguration;
			buildSettings = {
				ASSETCATALOG_COMPILER_APPICON_NAME = AppIcon;
				INFOPLIST_FILE = switch/Info.plist;
				LD_RUNPATH_SEARCH_PATHS = "$(inherited) @executable_path/Frameworks";
				PRODUCT_NAME = "$(TARGET_NAME)";
			};
			name = Debug;
		};
		213CCDB71A5FA40100A0FE21 /* Release */ = {
			isa = XCBuildConfiguration;
			buildSettings = {
				ASSETCATALOG_COMPILER_APPICON_NAME = AppIcon;
				INFOPLIST_FILE = switch/Info.plist;
				LD_RUNPATH_SEARCH_PATHS = "$(inherited) @executable_path/Frameworks";
				PRODUCT_NAME = "$(TARGET_NAME)";
			};
			name = Release;
		};
		213CCDB91A5FA40100A0FE21 /* Debug */ = {
			isa = XCBuildConfiguration;
			buildSettings = {
				BUNDLE_LOADER = "$(TEST_HOST)";
				FRAMEWORK_SEARCH_PATHS = (
					"$(SDKROOT)/Developer/Library/Frameworks",
					"$(inherited)",
				);
				GCC_PREPROCESSOR_DEFINITIONS = (
					"DEBUG=1",
					"$(inherited)",
				);
				INFOPLIST_FILE = switchTests/Info.plist;
				LD_RUNPATH_SEARCH_PATHS = "$(inherited) @executable_path/Frameworks @loader_path/Frameworks";
				PRODUCT_NAME = "$(TARGET_NAME)";
				TEST_HOST = "$(BUILT_PRODUCTS_DIR)/switch.app/switch";
			};
			name = Debug;
		};
		213CCDBA1A5FA40100A0FE21 /* Release */ = {
			isa = XCBuildConfiguration;
			buildSettings = {
				BUNDLE_LOADER = "$(TEST_HOST)";
				FRAMEWORK_SEARCH_PATHS = (
					"$(SDKROOT)/Developer/Library/Frameworks",
					"$(inherited)",
				);
				INFOPLIST_FILE = switchTests/Info.plist;
				LD_RUNPATH_SEARCH_PATHS = "$(inherited) @executable_path/Frameworks @loader_path/Frameworks";
				PRODUCT_NAME = "$(TARGET_NAME)";
				TEST_HOST = "$(BUILT_PRODUCTS_DIR)/switch.app/switch";
			};
			name = Release;
		};
/* End XCBuildConfiguration section */

/* Begin XCConfigurationList section */
		213CCD8D1A5FA40000A0FE21 /* Build configuration list for PBXProject "switch" */ = {
			isa = XCConfigurationList;
			buildConfigurations = (
				213CCDB31A5FA40100A0FE21 /* Debug */,
				213CCDB41A5FA40100A0FE21 /* Release */,
			);
			defaultConfigurationIsVisible = 0;
			defaultConfigurationName = Release;
		};
		213CCDB51A5FA40100A0FE21 /* Build configuration list for PBXNativeTarget "switch" */ = {
			isa = XCConfigurationList;
			buildConfigurations = (
				213CCDB61A5FA40100A0FE21 /* Debug */,
				213CCDB71A5FA40100A0FE21 /* Release */,
			);
			defaultConfigurationIsVisible = 0;
		};
		213CCDB81A5FA40100A0FE21 /* Build configuration list for PBXNativeTarget "switchTests" */ = {
			isa = XCConfigurationList;
			buildConfigurations = (
				213CCDB91A5FA40100A0FE21 /* Debug */,
				213CCDBA1A5FA40100A0FE21 /* Release */,
			);
			defaultConfigurationIsVisible = 0;
		};
/* End XCConfigurationList section */
	};
	rootObject = 213CCD8A1A5FA40000A0FE21 /* Project object */;
}
